PODS:
  - AMap3DMap-NO-IDFA (6.8.0):
    - AMapFoundation-NO-IDFA (~> 1.5)
  - AMapFoundation-NO-IDFA (1.5.6)
  - AMapLocation-NO-IDFA (2.6.2):
    - AMapFoundation-NO-IDFA (~> 1.4)
  - AMapNavi-NO-IDFA (6.7.0):
    - AMap3DMap-NO-IDFA (~> 6.7)
    - AMapFoundation-NO-IDFA (~> 1.5)
  - Flutter (1.0.0)
  - flutter_amap_plugin (0.0.1):
    - AMapLocation-NO-IDFA (= 2.6.2)
    - AMapNavi-NO-IDFA (= 6.7.0)
    - Flutter
    - HandyJSON (= 5.0.0-beta.1)
  - HandyJSON (5.0.0-beta.1)

DEPENDENCIES:
  - Flutter (from `.symlinks/flutter/ios-release`)
  - flutter_amap_plugin (from `.symlinks/plugins/flutter_amap_plugin/ios`)

SPEC REPOS:
  https://github.com/cocoapods/specs.git:
    - AMap3DMap-NO-IDFA
    - AMapFoundation-NO-IDFA
    - AMapLocation-NO-IDFA
    - AMapNavi-NO-IDFA
    - HandyJSON

EXTERNAL SOURCES:
  Flutter:
    :path: ".symlinks/flutter/ios-release"
  flutter_amap_plugin:
    :path: ".symlinks/plugins/flutter_amap_plugin/ios"

SPEC CHECKSUMS:
  AMap3DMap-NO-IDFA: 9f22e8d5058f188f7ec53a3ecb199e7e8a64415b
  AMapFoundation-NO-IDFA: 40d723b352992d0f95abe2976f0c0ecda3c3ffc3
  AMapLocation-NO-IDFA: d7792c8c516f415e186f1bc25946f1a58ca6a583
  AMapNavi-NO-IDFA: ad1bdff5c62864469662c91a4c3d0a2f8b1335eb
  Flutter: 58dd7d1b27887414a370fcccb9e645c08ffd7a6a
  flutter_amap_plugin: d30437a1f758991e6c364adeeaec568e758dd17e
  HandyJSON: 582477127ab3ab65bd2e471815f1a7b846856978

PODFILE CHECKSUM: ebd43b443038e611b86ede96e613bd6033c49497

COCOAPODS: 1.6.0
